<Solution>
  <Folder Name="/src/">
    <Project Path="src/Pangya.Core/Pangya.Core.csproj" />
    <Project Path="src/Pangya.Data/Pangya.Data.csproj" />
    <Project Path="src/Pangya.Domain/Pangya.Domain.csproj" />
    <Project Path="src/Pangya.Protocol.KR645/Pangya.Protocol.KR645.csproj" />
  </Folder>
  <Folder Name="/tests/">
    <Project Path="tests/Pangya.Tests/Pangya.Tests.csproj" />
  </Folder>
</Solution>
